PODS:
  - iOSDropDown (0.4.0)
  - IQKeyboardManagerSwift (6.5.11)
  - lottie-ios (3.4.3)

DEPENDENCIES:
  - iOSDropDown
  - IQKeyboardManagerSwift (= 6.5.11)
  - lottie-ios (= 3.4.3)

SPEC REPOS:
  trunk:
    - iOSDropDown
    - IQKeyboardManagerSwift
    - lottie-ios

SPEC CHECKSUMS:
  iOSDropDown: ce9daa584eaa5567cafc1b633e3cc7eb6d9cea42
  IQKeyboardManagerSwift: c7955c0bdbf7b2eb29bb7daaa44e3d90f55a9a85
  lottie-ios: 9ae750cdc7820fecbd3c2f0cfc493038208fcdc4

PODFILE CHECKSUM: 2d9b5ce0b44a8fd8c3c5087b0bd9ce1b9c12ff87

COCOAPODS: 1.15.2
