// !$*UTF8*$!
{
	archiveVersion = 1;
	classes = {
	};
	objectVersion = 56;
	objects = {

/* Begin PBXBuildFile section */
		52BD52932CDFEF8800DFA8F8 /* BaseCVVC.swift in Sources */ = {isa = PBXBuildFile; fileRef = 52BD52912CDFEF8800DFA8F8 /* BaseCVVC.swift */; };
		52BD52942CDFEF8900DFA8F8 /* BaseCVVC.xib in Resources */ = {isa = PBXBuildFile; fileRef = 52BD52922CDFEF8800DFA8F8 /* BaseCVVC.xib */; };
		52BD52962CDFF16B00DFA8F8 /* ColumnFlowLayout.swift in Sources */ = {isa = PBXBuildFile; fileRef = 52BD528D2CDFEF4F00DFA8F8 /* ColumnFlowLayout.swift */; };
		52BD52982CDFF24D00DFA8F8 /* Extensions.swift in Sources */ = {isa = PBXBuildFile; fileRef = 52BD52972CDFF24D00DFA8F8 /* Extensions.swift */; };
		52BD52992CDFF25700DFA8F8 /* IBDESIGNABLE.swift in Sources */ = {isa = PBXBuildFile; fileRef = 52BD528C2CDFEF0600DFA8F8 /* IBDESIGNABLE.swift */; };
		52BD529A2CDFF25C00DFA8F8 /* SafariHelper.swift in Sources */ = {isa = PBXBuildFile; fileRef = 52BD528F2CDFEF4F00DFA8F8 /* SafariHelper.swift */; };
		52BD529B2CDFF26100DFA8F8 /* RectangularTextView.swift in Sources */ = {isa = PBXBuildFile; fileRef = 52BD528E2CDFEF4F00DFA8F8 /* RectangularTextView.swift */; };
		52BD529E2CDFF38B00DFA8F8 /* Splashvc.swift in Sources */ = {isa = PBXBuildFile; fileRef = 52BD529D2CDFF38B00DFA8F8 /* Splashvc.swift */; };
		52BD52A02CDFFC7800DFA8F8 /* HomeVC.swift in Sources */ = {isa = PBXBuildFile; fileRef = 52BD529F2CDFFC7800DFA8F8 /* HomeVC.swift */; };
		52DF9AB92CDE6A2900E22FCC /* AppDelegate.swift in Sources */ = {isa = PBXBuildFile; fileRef = 52DF9AB82CDE6A2900E22FCC /* AppDelegate.swift */; };
		52DF9ABB2CDE6A2900E22FCC /* SceneDelegate.swift in Sources */ = {isa = PBXBuildFile; fileRef = 52DF9ABA2CDE6A2900E22FCC /* SceneDelegate.swift */; };
		52DF9ABD2CDE6A2900E22FCC /* ViewController.swift in Sources */ = {isa = PBXBuildFile; fileRef = 52DF9ABC2CDE6A2900E22FCC /* ViewController.swift */; };
		52DF9AC02CDE6A2900E22FCC /* Main.storyboard in Resources */ = {isa = PBXBuildFile; fileRef = 52DF9ABE2CDE6A2900E22FCC /* Main.storyboard */; };
		52DF9AC32CDE6A2900E22FCC /* J_Con.xcdatamodeld in Sources */ = {isa = PBXBuildFile; fileRef = 52DF9AC12CDE6A2900E22FCC /* J_Con.xcdatamodeld */; };
		52DF9AC52CDE6A2B00E22FCC /* Assets.xcassets in Resources */ = {isa = PBXBuildFile; fileRef = 52DF9AC42CDE6A2B00E22FCC /* Assets.xcassets */; };
		52DF9AC82CDE6A2B00E22FCC /* LaunchScreen.storyboard in Resources */ = {isa = PBXBuildFile; fileRef = 52DF9AC62CDE6A2B00E22FCC /* LaunchScreen.storyboard */; };
		670BC2D9E1915DB78F724B25 /* Pods_J_Con.framework in Frameworks */ = {isa = PBXBuildFile; fileRef = B8CA661B4C3C183317FCC73D /* Pods_J_Con.framework */; };
/* End PBXBuildFile section */

/* Begin PBXFileReference section */
		0D78B50F6D5C7DBC2BA61160 /* Pods-J-Con.release.xcconfig */ = {isa = PBXFileReference; includeInIndex = 1; lastKnownFileType = text.xcconfig; name = "Pods-J-Con.release.xcconfig"; path = "Target Support Files/Pods-J-Con/Pods-J-Con.release.xcconfig"; sourceTree = "<group>"; };
		23A1B456F67AC04E7CE95568 /* Pods-J-Con.debug.xcconfig */ = {isa = PBXFileReference; includeInIndex = 1; lastKnownFileType = text.xcconfig; name = "Pods-J-Con.debug.xcconfig"; path = "Target Support Files/Pods-J-Con/Pods-J-Con.debug.xcconfig"; sourceTree = "<group>"; };
		52BD528C2CDFEF0600DFA8F8 /* IBDESIGNABLE.swift */ = {isa = PBXFileReference; lastKnownFileType = sourcecode.swift; path = IBDESIGNABLE.swift; sourceTree = "<group>"; };
		52BD528D2CDFEF4F00DFA8F8 /* ColumnFlowLayout.swift */ = {isa = PBXFileReference; lastKnownFileType = sourcecode.swift; path = ColumnFlowLayout.swift; sourceTree = "<group>"; };
		52BD528E2CDFEF4F00DFA8F8 /* RectangularTextView.swift */ = {isa = PBXFileReference; lastKnownFileType = sourcecode.swift; path = RectangularTextView.swift; sourceTree = "<group>"; };
		52BD528F2CDFEF4F00DFA8F8 /* SafariHelper.swift */ = {isa = PBXFileReference; lastKnownFileType = sourcecode.swift; path = SafariHelper.swift; sourceTree = "<group>"; };
		52BD52902CDFEF6A00DFA8F8 /* WaveView.swift */ = {isa = PBXFileReference; lastKnownFileType = sourcecode.swift; path = WaveView.swift; sourceTree = "<group>"; };
		52BD52912CDFEF8800DFA8F8 /* BaseCVVC.swift */ = {isa = PBXFileReference; fileEncoding = 4; lastKnownFileType = sourcecode.swift; path = BaseCVVC.swift; sourceTree = "<group>"; };
		52BD52922CDFEF8800DFA8F8 /* BaseCVVC.xib */ = {isa = PBXFileReference; fileEncoding = 4; lastKnownFileType = file.xib; path = BaseCVVC.xib; sourceTree = "<group>"; };
		52BD52972CDFF24D00DFA8F8 /* Extensions.swift */ = {isa = PBXFileReference; lastKnownFileType = sourcecode.swift; path = Extensions.swift; sourceTree = "<group>"; };
		52BD529D2CDFF38B00DFA8F8 /* Splashvc.swift */ = {isa = PBXFileReference; lastKnownFileType = sourcecode.swift; path = Splashvc.swift; sourceTree = "<group>"; };
		52BD529F2CDFFC7800DFA8F8 /* HomeVC.swift */ = {isa = PBXFileReference; lastKnownFileType = sourcecode.swift; path = HomeVC.swift; sourceTree = "<group>"; };
		52DF9AB52CDE6A2900E22FCC /* J-Con.app */ = {isa = PBXFileReference; explicitFileType = wrapper.application; includeInIndex = 0; path = "J-Con.app"; sourceTree = BUILT_PRODUCTS_DIR; };
		52DF9AB82CDE6A2900E22FCC /* AppDelegate.swift */ = {isa = PBXFileReference; lastKnownFileType = sourcecode.swift; path = AppDelegate.swift; sourceTree = "<group>"; };
		52DF9ABA2CDE6A2900E22FCC /* SceneDelegate.swift */ = {isa = PBXFileReference; lastKnownFileType = sourcecode.swift; path = SceneDelegate.swift; sourceTree = "<group>"; };
		52DF9ABC2CDE6A2900E22FCC /* ViewController.swift */ = {isa = PBXFileReference; lastKnownFileType = sourcecode.swift; path = ViewController.swift; sourceTree = "<group>"; };
		52DF9ABF2CDE6A2900E22FCC /* Base */ = {isa = PBXFileReference; lastKnownFileType = file.storyboard; name = Base; path = Base.lproj/Main.storyboard; sourceTree = "<group>"; };
		52DF9AC22CDE6A2900E22FCC /* J_Con.xcdatamodel */ = {isa = PBXFileReference; lastKnownFileType = wrapper.xcdatamodel; path = J_Con.xcdatamodel; sourceTree = "<group>"; };
		52DF9AC42CDE6A2B00E22FCC /* Assets.xcassets */ = {isa = PBXFileReference; lastKnownFileType = folder.assetcatalog; path = Assets.xcassets; sourceTree = "<group>"; };
		52DF9AC72CDE6A2B00E22FCC /* Base */ = {isa = PBXFileReference; lastKnownFileType = file.storyboard; name = Base; path = Base.lproj/LaunchScreen.storyboard; sourceTree = "<group>"; };
		52DF9AC92CDE6A2B00E22FCC /* Info.plist */ = {isa = PBXFileReference; lastKnownFileType = text.plist.xml; path = Info.plist; sourceTree = "<group>"; };
		B8CA661B4C3C183317FCC73D /* Pods_J_Con.framework */ = {isa = PBXFileReference; explicitFileType = wrapper.framework; includeInIndex = 0; path = Pods_J_Con.framework; sourceTree = BUILT_PRODUCTS_DIR; };
/* End PBXFileReference section */

/* Begin PBXFrameworksBuildPhase section */
		52DF9AB22CDE6A2900E22FCC /* Frameworks */ = {
			isa = PBXFrameworksBuildPhase;
			buildActionMask = 2147483647;
			files = (
				670BC2D9E1915DB78F724B25 /* Pods_J_Con.framework in Frameworks */,
			);
			runOnlyForDeploymentPostprocessing = 0;
		};
/* End PBXFrameworksBuildPhase section */

/* Begin PBXGroup section */
		0D935FC501FA95B0E329E3E4 /* Frameworks */ = {
			isa = PBXGroup;
			children = (
				B8CA661B4C3C183317FCC73D /* Pods_J_Con.framework */,
			);
			name = Frameworks;
			sourceTree = "<group>";
		};
		52BD528B2CDFEEF400DFA8F8 /* Helper */ = {
			isa = PBXGroup;
			children = (
				52BD52902CDFEF6A00DFA8F8 /* WaveView.swift */,
				52BD52972CDFF24D00DFA8F8 /* Extensions.swift */,
				52BD528E2CDFEF4F00DFA8F8 /* RectangularTextView.swift */,
				52BD528D2CDFEF4F00DFA8F8 /* ColumnFlowLayout.swift */,
				52BD528F2CDFEF4F00DFA8F8 /* SafariHelper.swift */,
				52BD528C2CDFEF0600DFA8F8 /* IBDESIGNABLE.swift */,
			);
			path = Helper;
			sourceTree = "<group>";
		};
		52BD52952CDFEF8D00DFA8F8 /* xibs */ = {
			isa = PBXGroup;
			children = (
				52BD52912CDFEF8800DFA8F8 /* BaseCVVC.swift */,
				52BD52922CDFEF8800DFA8F8 /* BaseCVVC.xib */,
			);
			path = xibs;
			sourceTree = "<group>";
		};
		52BD529C2CDFF37800DFA8F8 /* VC */ = {
			isa = PBXGroup;
			children = (
				52BD529D2CDFF38B00DFA8F8 /* Splashvc.swift */,
				52BD529F2CDFFC7800DFA8F8 /* HomeVC.swift */,
			);
			path = VC;
			sourceTree = "<group>";
		};
		52DF9AAC2CDE6A2900E22FCC = {
			isa = PBXGroup;
			children = (
				52DF9AB72CDE6A2900E22FCC /* J-Con */,
				52DF9AB62CDE6A2900E22FCC /* Products */,
				CC9CB9F4ABA590C1E4D2F471 /* Pods */,
				0D935FC501FA95B0E329E3E4 /* Frameworks */,
			);
			sourceTree = "<group>";
		};
		52DF9AB62CDE6A2900E22FCC /* Products */ = {
			isa = PBXGroup;
			children = (
				52DF9AB52CDE6A2900E22FCC /* J-Con.app */,
			);
			name = Products;
			sourceTree = "<group>";
		};
		52DF9AB72CDE6A2900E22FCC /* J-Con */ = {
			isa = PBXGroup;
			children = (
				52BD529C2CDFF37800DFA8F8 /* VC */,
				52BD52952CDFEF8D00DFA8F8 /* xibs */,
				52BD528B2CDFEEF400DFA8F8 /* Helper */,
				52DF9AB82CDE6A2900E22FCC /* AppDelegate.swift */,
				52DF9ABA2CDE6A2900E22FCC /* SceneDelegate.swift */,
				52DF9ABC2CDE6A2900E22FCC /* ViewController.swift */,
				52DF9ABE2CDE6A2900E22FCC /* Main.storyboard */,
				52DF9AC42CDE6A2B00E22FCC /* Assets.xcassets */,
				52DF9AC62CDE6A2B00E22FCC /* LaunchScreen.storyboard */,
				52DF9AC92CDE6A2B00E22FCC /* Info.plist */,
				52DF9AC12CDE6A2900E22FCC /* J_Con.xcdatamodeld */,
			);
			path = "J-Con";
			sourceTree = "<group>";
		};
		CC9CB9F4ABA590C1E4D2F471 /* Pods */ = {
			isa = PBXGroup;
			children = (
				23A1B456F67AC04E7CE95568 /* Pods-J-Con.debug.xcconfig */,
				0D78B50F6D5C7DBC2BA61160 /* Pods-J-Con.release.xcconfig */,
			);
			path = Pods;
			sourceTree = "<group>";
		};
/* End PBXGroup section */

/* Begin PBXNativeTarget section */
		52DF9AB42CDE6A2900E22FCC /* J-Con */ = {
			isa = PBXNativeTarget;
			buildConfigurationList = 52DF9ACC2CDE6A2B00E22FCC /* Build configuration list for PBXNativeTarget "J-Con" */;
			buildPhases = (
				D8C9E7739B5158160726B1BC /* [CP] Check Pods Manifest.lock */,
				52DF9AB12CDE6A2900E22FCC /* Sources */,
				52DF9AB22CDE6A2900E22FCC /* Frameworks */,
				52DF9AB32CDE6A2900E22FCC /* Resources */,
				A2375A9272D1E6961928A18A /* [CP] Embed Pods Frameworks */,
			);
			buildRules = (
			);
			dependencies = (
			);
			name = "J-Con";
			productName = "J-Con";
			productReference = 52DF9AB52CDE6A2900E22FCC /* J-Con.app */;
			productType = "com.apple.product-type.application";
		};
/* End PBXNativeTarget section */

/* Begin PBXProject section */
		52DF9AAD2CDE6A2900E22FCC /* Project object */ = {
			isa = PBXProject;
			attributes = {
				BuildIndependentTargetsInParallel = 1;
				LastSwiftUpdateCheck = 1420;
				LastUpgradeCheck = 1420;
				TargetAttributes = {
					52DF9AB42CDE6A2900E22FCC = {
						CreatedOnToolsVersion = 14.2;
					};
				};
			};
			buildConfigurationList = 52DF9AB02CDE6A2900E22FCC /* Build configuration list for PBXProject "J-Con" */;
			compatibilityVersion = "Xcode 14.0";
			developmentRegion = en;
			hasScannedForEncodings = 0;
			knownRegions = (
				en,
				Base,
			);
			mainGroup = 52DF9AAC2CDE6A2900E22FCC;
			productRefGroup = 52DF9AB62CDE6A2900E22FCC /* Products */;
			projectDirPath = "";
			projectRoot = "";
			targets = (
				52DF9AB42CDE6A2900E22FCC /* J-Con */,
			);
		};
/* End PBXProject section */

/* Begin PBXResourcesBuildPhase section */
		52DF9AB32CDE6A2900E22FCC /* Resources */ = {
			isa = PBXResourcesBuildPhase;
			buildActionMask = 2147483647;
			files = (
				52DF9AC82CDE6A2B00E22FCC /* LaunchScreen.storyboard in Resources */,
				52DF9AC52CDE6A2B00E22FCC /* Assets.xcassets in Resources */,
				52BD52942CDFEF8900DFA8F8 /* BaseCVVC.xib in Resources */,
				52DF9AC02CDE6A2900E22FCC /* Main.storyboard in Resources */,
			);
			runOnlyForDeploymentPostprocessing = 0;
		};
/* End PBXResourcesBuildPhase section */

/* Begin PBXShellScriptBuildPhase section */
		A2375A9272D1E6961928A18A /* [CP] Embed Pods Frameworks */ = {
			isa = PBXShellScriptBuildPhase;
			buildActionMask = 2147483647;
			files = (
			);
			inputFileListPaths = (
				"${PODS_ROOT}/Target Support Files/Pods-J-Con/Pods-J-Con-frameworks-${CONFIGURATION}-input-files.xcfilelist",
			);
			name = "[CP] Embed Pods Frameworks";
			outputFileListPaths = (
				"${PODS_ROOT}/Target Support Files/Pods-J-Con/Pods-J-Con-frameworks-${CONFIGURATION}-output-files.xcfilelist",
			);
			runOnlyForDeploymentPostprocessing = 0;
			shellPath = /bin/sh;
			shellScript = "\"${PODS_ROOT}/Target Support Files/Pods-J-Con/Pods-J-Con-frameworks.sh\"\n";
			showEnvVarsInLog = 0;
		};
		D8C9E7739B5158160726B1BC /* [CP] Check Pods Manifest.lock */ = {
			isa = PBXShellScriptBuildPhase;
			buildActionMask = 2147483647;
			files = (
			);
			inputFileListPaths = (
			);
			inputPaths = (
				"${PODS_PODFILE_DIR_PATH}/Podfile.lock",
				"${PODS_ROOT}/Manifest.lock",
			);
			name = "[CP] Check Pods Manifest.lock";
			outputFileListPaths = (
			);
			outputPaths = (
				"$(DERIVED_FILE_DIR)/Pods-J-Con-checkManifestLockResult.txt",
			);
			runOnlyForDeploymentPostprocessing = 0;
			shellPath = /bin/sh;
			shellScript = "diff \"${PODS_PODFILE_DIR_PATH}/Podfile.lock\" \"${PODS_ROOT}/Manifest.lock\" > /dev/null\nif [ $? != 0 ] ; then\n    # print error to STDERR\n    echo \"error: The sandbox is not in sync with the Podfile.lock. Run 'pod install' or update your CocoaPods installation.\" >&2\n    exit 1\nfi\n# This output is used by Xcode 'outputs' to avoid re-running this script phase.\necho \"SUCCESS\" > \"${SCRIPT_OUTPUT_FILE_0}\"\n";
			showEnvVarsInLog = 0;
		};
/* End PBXShellScriptBuildPhase section */

/* Begin PBXSourcesBuildPhase section */
		52DF9AB12CDE6A2900E22FCC /* Sources */ = {
			isa = PBXSourcesBuildPhase;
			buildActionMask = 2147483647;
			files = (
				52DF9ABD2CDE6A2900E22FCC /* ViewController.swift in Sources */,
				52BD529E2CDFF38B00DFA8F8 /* Splashvc.swift in Sources */,
				52BD52962CDFF16B00DFA8F8 /* ColumnFlowLayout.swift in Sources */,
				52DF9AB92CDE6A2900E22FCC /* AppDelegate.swift in Sources */,
				52DF9ABB2CDE6A2900E22FCC /* SceneDelegate.swift in Sources */,
				52BD529B2CDFF26100DFA8F8 /* RectangularTextView.swift in Sources */,
				52DF9AC32CDE6A2900E22FCC /* J_Con.xcdatamodeld in Sources */,
				52BD529A2CDFF25C00DFA8F8 /* SafariHelper.swift in Sources */,
				52BD52932CDFEF8800DFA8F8 /* BaseCVVC.swift in Sources */,
				52BD52A02CDFFC7800DFA8F8 /* HomeVC.swift in Sources */,
				52BD52992CDFF25700DFA8F8 /* IBDESIGNABLE.swift in Sources */,
				52BD52982CDFF24D00DFA8F8 /* Extensions.swift in Sources */,
			);
			runOnlyForDeploymentPostprocessing = 0;
		};
/* End PBXSourcesBuildPhase section */

/* Begin PBXVariantGroup section */
		52DF9ABE2CDE6A2900E22FCC /* Main.storyboard */ = {
			isa = PBXVariantGroup;
			children = (
				52DF9ABF2CDE6A2900E22FCC /* Base */,
			);
			name = Main.storyboard;
			sourceTree = "<group>";
		};
		52DF9AC62CDE6A2B00E22FCC /* LaunchScreen.storyboard */ = {
			isa = PBXVariantGroup;
			children = (
				52DF9AC72CDE6A2B00E22FCC /* Base */,
			);
			name = LaunchScreen.storyboard;
			sourceTree = "<group>";
		};
/* End PBXVariantGroup section */

/* Begin XCBuildConfiguration section */
		52DF9ACA2CDE6A2B00E22FCC /* Debug */ = {
			isa = XCBuildConfiguration;
			buildSettings = {
				ALWAYS_SEARCH_USER_PATHS = NO;
				CLANG_ANALYZER_NONNULL = YES;
				CLANG_ANALYZER_NUMBER_OBJECT_CONVERSION = YES_AGGRESSIVE;
				CLANG_CXX_LANGUAGE_STANDARD = "gnu++20";
				CLANG_ENABLE_MODULES = YES;
				CLANG_ENABLE_OBJC_ARC = YES;
				CLANG_ENABLE_OBJC_WEAK = YES;
				CLANG_WARN_BLOCK_CAPTURE_AUTORELEASING = YES;
				CLANG_WARN_BOOL_CONVERSION = YES;
				CLANG_WARN_COMMA = YES;
				CLANG_WARN_CONSTANT_CONVERSION = YES;
				CLANG_WARN_DEPRECATED_OBJC_IMPLEMENTATIONS = YES;
				CLANG_WARN_DIRECT_OBJC_ISA_USAGE = YES_ERROR;
				CLANG_WARN_DOCUMENTATION_COMMENTS = YES;
				CLANG_WARN_EMPTY_BODY = YES;
				CLANG_WARN_ENUM_CONVERSION = YES;
				CLANG_WARN_INFINITE_RECURSION = YES;
				CLANG_WARN_INT_CONVERSION = YES;
				CLANG_WARN_NON_LITERAL_NULL_CONVERSION = YES;
				CLANG_WARN_OBJC_IMPLICIT_RETAIN_SELF = YES;
				CLANG_WARN_OBJC_LITERAL_CONVERSION = YES;
				CLANG_WARN_OBJC_ROOT_CLASS = YES_ERROR;
				CLANG_WARN_QUOTED_INCLUDE_IN_FRAMEWORK_HEADER = YES;
				CLANG_WARN_RANGE_LOOP_ANALYSIS = YES;
				CLANG_WARN_STRICT_PROTOTYPES = YES;
				CLANG_WARN_SUSPICIOUS_MOVE = YES;
				CLANG_WARN_UNGUARDED_AVAILABILITY = YES_AGGRESSIVE;
				CLANG_WARN_UNREACHABLE_CODE = YES;
				CLANG_WARN__DUPLICATE_METHOD_MATCH = YES;
				COPY_PHASE_STRIP = NO;
				DEBUG_INFORMATION_FORMAT = dwarf;
				ENABLE_STRICT_OBJC_MSGSEND = YES;
				ENABLE_TESTABILITY = YES;
				GCC_C_LANGUAGE_STANDARD = gnu11;
				GCC_DYNAMIC_NO_PIC = NO;
				GCC_NO_COMMON_BLOCKS = YES;
				GCC_OPTIMIZATION_LEVEL = 0;
				GCC_PREPROCESSOR_DEFINITIONS = (
					"DEBUG=1",
					"$(inherited)",
				);
				GCC_WARN_64_TO_32_BIT_CONVERSION = YES;
				GCC_WARN_ABOUT_RETURN_TYPE = YES_ERROR;
				GCC_WARN_UNDECLARED_SELECTOR = YES;
				GCC_WARN_UNINITIALIZED_AUTOS = YES_AGGRESSIVE;
				GCC_WARN_UNUSED_FUNCTION = YES;
				GCC_WARN_UNUSED_VARIABLE = YES;
				IPHONEOS_DEPLOYMENT_TARGET = 16.2;
				MTL_ENABLE_DEBUG_INFO = INCLUDE_SOURCE;
				MTL_FAST_MATH = YES;
				ONLY_ACTIVE_ARCH = YES;
				SDKROOT = iphoneos;
				SWIFT_ACTIVE_COMPILATION_CONDITIONS = DEBUG;
				SWIFT_OPTIMIZATION_LEVEL = "-Onone";
			};
			name = Debug;
		};
		52DF9ACB2CDE6A2B00E22FCC /* Release */ = {
			isa = XCBuildConfiguration;
			buildSettings = {
				ALWAYS_SEARCH_USER_PATHS = NO;
				CLANG_ANALYZER_NONNULL = YES;
				CLANG_ANALYZER_NUMBER_OBJECT_CONVERSION = YES_AGGRESSIVE;
				CLANG_CXX_LANGUAGE_STANDARD = "gnu++20";
				CLANG_ENABLE_MODULES = YES;
				CLANG_ENABLE_OBJC_ARC = YES;
				CLANG_ENABLE_OBJC_WEAK = YES;
				CLANG_WARN_BLOCK_CAPTURE_AUTORELEASING = YES;
				CLANG_WARN_BOOL_CONVERSION = YES;
				CLANG_WARN_COMMA = YES;
				CLANG_WARN_CONSTANT_CONVERSION = YES;
				CLANG_WARN_DEPRECATED_OBJC_IMPLEMENTATIONS = YES;
				CLANG_WARN_DIRECT_OBJC_ISA_USAGE = YES_ERROR;
				CLANG_WARN_DOCUMENTATION_COMMENTS = YES;
				CLANG_WARN_EMPTY_BODY = YES;
				CLANG_WARN_ENUM_CONVERSION = YES;
				CLANG_WARN_INFINITE_RECURSION = YES;
				CLANG_WARN_INT_CONVERSION = YES;
				CLANG_WARN_NON_LITERAL_NULL_CONVERSION = YES;
				CLANG_WARN_OBJC_IMPLICIT_RETAIN_SELF = YES;
				CLANG_WARN_OBJC_LITERAL_CONVERSION = YES;
				CLANG_WARN_OBJC_ROOT_CLASS = YES_ERROR;
				CLANG_WARN_QUOTED_INCLUDE_IN_FRAMEWORK_HEADER = YES;
				CLANG_WARN_RANGE_LOOP_ANALYSIS = YES;
				CLANG_WARN_STRICT_PROTOTYPES = YES;
				CLANG_WARN_SUSPICIOUS_MOVE = YES;
				CLANG_WARN_UNGUARDED_AVAILABILITY = YES_AGGRESSIVE;
				CLANG_WARN_UNREACHABLE_CODE = YES;
				CLANG_WARN__DUPLICATE_METHOD_MATCH = YES;
				COPY_PHASE_STRIP = NO;
				DEBUG_INFORMATION_FORMAT = "dwarf-with-dsym";
				ENABLE_NS_ASSERTIONS = NO;
				ENABLE_STRICT_OBJC_MSGSEND = YES;
				GCC_C_LANGUAGE_STANDARD = gnu11;
				GCC_NO_COMMON_BLOCKS = YES;
				GCC_WARN_64_TO_32_BIT_CONVERSION = YES;
				GCC_WARN_ABOUT_RETURN_TYPE = YES_ERROR;
				GCC_WARN_UNDECLARED_SELECTOR = YES;
				GCC_WARN_UNINITIALIZED_AUTOS = YES_AGGRESSIVE;
				GCC_WARN_UNUSED_FUNCTION = YES;
				GCC_WARN_UNUSED_VARIABLE = YES;
				IPHONEOS_DEPLOYMENT_TARGET = 16.2;
				MTL_ENABLE_DEBUG_INFO = NO;
				MTL_FAST_MATH = YES;
				SDKROOT = iphoneos;
				SWIFT_COMPILATION_MODE = wholemodule;
				SWIFT_OPTIMIZATION_LEVEL = "-O";
				VALIDATE_PRODUCT = YES;
			};
			name = Release;
		};
		52DF9ACD2CDE6A2B00E22FCC /* Debug */ = {
			isa = XCBuildConfiguration;
			baseConfigurationReference = 23A1B456F67AC04E7CE95568 /* Pods-J-Con.debug.xcconfig */;
			buildSettings = {
				ASSETCATALOG_COMPILER_APPICON_NAME = AppIcon;
				ASSETCATALOG_COMPILER_GLOBAL_ACCENT_COLOR_NAME = AccentColor;
				CODE_SIGN_STYLE = Automatic;
				CURRENT_PROJECT_VERSION = 1;
				DEVELOPMENT_TEAM = 47L6JQ269G;
				GENERATE_INFOPLIST_FILE = YES;
				INFOPLIST_FILE = "J-Con/Info.plist";
				INFOPLIST_KEY_UIApplicationSupportsIndirectInputEvents = YES;
				INFOPLIST_KEY_UILaunchStoryboardName = LaunchScreen;
				INFOPLIST_KEY_UIMainStoryboardFile = Main;
				INFOPLIST_KEY_UISupportedInterfaceOrientations_iPad = "UIInterfaceOrientationPortrait UIInterfaceOrientationPortraitUpsideDown UIInterfaceOrientationLandscapeLeft UIInterfaceOrientationLandscapeRight";
				INFOPLIST_KEY_UISupportedInterfaceOrientations_iPhone = "UIInterfaceOrientationPortrait UIInterfaceOrientationLandscapeLeft UIInterfaceOrientationLandscapeRight";
				LD_RUNPATH_SEARCH_PATHS = (
					"$(inherited)",
					"@executable_path/Frameworks",
				);
				MARKETING_VERSION = 1.0;
				PRODUCT_BUNDLE_IDENTIFIER = "com.jcon.co.J-Con";
				PRODUCT_NAME = "$(TARGET_NAME)";
				SWIFT_EMIT_LOC_STRINGS = YES;
				SWIFT_VERSION = 5.0;
				TARGETED_DEVICE_FAMILY = "1,2";
			};
			name = Debug;
		};
		52DF9ACE2CDE6A2B00E22FCC /* Release */ = {
			isa = XCBuildConfiguration;
			baseConfigurationReference = 0D78B50F6D5C7DBC2BA61160 /* Pods-J-Con.release.xcconfig */;
			buildSettings = {
				ASSETCATALOG_COMPILER_APPICON_NAME = AppIcon;
				ASSETCATALOG_COMPILER_GLOBAL_ACCENT_COLOR_NAME = AccentColor;
				CODE_SIGN_STYLE = Automatic;
				CURRENT_PROJECT_VERSION = 1;
				DEVELOPMENT_TEAM = 47L6JQ269G;
				GENERATE_INFOPLIST_FILE = YES;
				INFOPLIST_FILE = "J-Con/Info.plist";
				INFOPLIST_KEY_UIApplicationSupportsIndirectInputEvents = YES;
				INFOPLIST_KEY_UILaunchStoryboardName = LaunchScreen;
				INFOPLIST_KEY_UIMainStoryboardFile = Main;
				INFOPLIST_KEY_UISupportedInterfaceOrientations_iPad = "UIInterfaceOrientationPortrait UIInterfaceOrientationPortraitUpsideDown UIInterfaceOrientationLandscapeLeft UIInterfaceOrientationLandscapeRight";
				INFOPLIST_KEY_UISupportedInterfaceOrientations_iPhone = "UIInterfaceOrientationPortrait UIInterfaceOrientationLandscapeLeft UIInterfaceOrientationLandscapeRight";
				LD_RUNPATH_SEARCH_PATHS = (
					"$(inherited)",
					"@executable_path/Frameworks",
				);
				MARKETING_VERSION = 1.0;
				PRODUCT_BUNDLE_IDENTIFIER = "com.jcon.co.J-Con";
				PRODUCT_NAME = "$(TARGET_NAME)";
				SWIFT_EMIT_LOC_STRINGS = YES;
				SWIFT_VERSION = 5.0;
				TARGETED_DEVICE_FAMILY = "1,2";
			};
			name = Release;
		};
/* End XCBuildConfiguration section */

/* Begin XCConfigurationList section */
		52DF9AB02CDE6A2900E22FCC /* Build configuration list for PBXProject "J-Con" */ = {
			isa = XCConfigurationList;
			buildConfigurations = (
				52DF9ACA2CDE6A2B00E22FCC /* Debug */,
				52DF9ACB2CDE6A2B00E22FCC /* Release */,
			);
			defaultConfigurationIsVisible = 0;
			defaultConfigurationName = Release;
		};
		52DF9ACC2CDE6A2B00E22FCC /* Build configuration list for PBXNativeTarget "J-Con" */ = {
			isa = XCConfigurationList;
			buildConfigurations = (
				52DF9ACD2CDE6A2B00E22FCC /* Debug */,
				52DF9ACE2CDE6A2B00E22FCC /* Release */,
			);
			defaultConfigurationIsVisible = 0;
			defaultConfigurationName = Release;
		};
/* End XCConfigurationList section */

/* Begin XCVersionGroup section */
		52DF9AC12CDE6A2900E22FCC /* J_Con.xcdatamodeld */ = {
			isa = XCVersionGroup;
			children = (
				52DF9AC22CDE6A2900E22FCC /* J_Con.xcdatamodel */,
			);
			currentVersion = 52DF9AC22CDE6A2900E22FCC /* J_Con.xcdatamodel */;
			path = J_Con.xcdatamodeld;
			sourceTree = "<group>";
			versionGroupType = wrapper.xcdatamodel;
		};
/* End XCVersionGroup section */
	};
	rootObject = 52DF9AAD2CDE6A2900E22FCC /* Project object */;
}
